
Microsoft Visual Studio Solution File, Format Version 12.00
# Visual Studio Version 17
VisualStudioVersion = 17.8.34330.188
MinimumVisualStudioVersion = 10.0.40219.1
Project("{FAE04EC0-301F-11D3-BF4B-00C04F79EFBC}") = "TestWeb", "TestWeb\TestWeb.csproj", "{385E57DD-5D53-446A-9146-5C05E4E539E3}"
EndProject
Project("{FAE04EC0-301F-11D3-BF4B-00C04F79EFBC}") = "TestAPI", "TestAPI\TestAPI.csproj", "{FFB8B0AB-DB3A-48B5-A358-3AE26257EB05}"
EndProject
Global
	GlobalSection(SolutionConfigurationPlatforms) = preSolution
		Debug|Any CPU = Debug|Any CPU
		Release|Any CPU = Release|Any CPU
	EndGlobalSection
	GlobalSection(ProjectConfigurationPlatforms) = postSolution
		{385E57DD-5D53-446A-9146-5C05E4E539E3}.Debug|Any CPU.ActiveCfg = Debug|Any CPU
		{385E57DD-5D53-446A-9146-5C05E4E539E3}.Debug|Any CPU.Build.0 = Debug|Any CPU
		{385E57DD-5D53-446A-9146-5C05E4E539E3}.Release|Any CPU.ActiveCfg = Release|Any CPU
		{385E57DD-5D53-446A-9146-5C05E4E539E3}.Release|Any CPU.Build.0 = Release|Any CPU
		{FFB8B0AB-DB3A-48B5-A358-3AE26257EB05}.Debug|Any CPU.ActiveCfg = Debug|Any CPU
		{FFB8B0AB-DB3A-48B5-A358-3AE26257EB05}.Debug|Any CPU.Build.0 = Debug|Any CPU
		{FFB8B0AB-DB3A-48B5-A358-3AE26257EB05}.Release|Any CPU.ActiveCfg = Release|Any CPU
		{FFB8B0AB-DB3A-48B5-A358-3AE26257EB05}.Release|Any CPU.Build.0 = Release|Any CPU
	EndGlobalSection
	GlobalSection(SolutionProperties) = preSolution
		HideSolutionNode = FALSE
	EndGlobalSection
	GlobalSection(ExtensibilityGlobals) = postSolution
		SolutionGuid = {43E07FCA-06CA-48A0-9323-3462E97CEC63}
	EndGlobalSection
EndGlobal
